// !$*UTF8*$!
{
	archiveVersion = 1;
	classes = {
	};
	objectVersion = 46;
	objects = {

/* Begin PBXBuildFile section */
		265D39231B93197200210C67 /* AppDelegate.swift in Sources */ = {isa = PBXBuildFile; fileRef = 265D39221B93197200210C67 /* AppDelegate.swift */; };
		265D39251B93197200210C67 /* ViewController.swift in Sources */ = {isa = PBXBuildFile; fileRef = 265D39241B93197200210C67 /* ViewController.swift */; };
		265D39281B93197200210C67 /* Main.storyboard in Resources */ = {isa = PBXBuildFile; fileRef = 265D39261B93197200210C67 /* Main.storyboard */; };
		265D392A1B93197200210C67 /* Assets.xcassets in Resources */ = {isa = PBXBuildFile; fileRef = 265D39291B93197200210C67 /* Assets.xcassets */; };
		265D392D1B93197200210C67 /* LaunchScreen.storyboard in Resources */ = {isa = PBXBuildFile; fileRef = 265D392B1B93197200210C67 /* LaunchScreen.storyboard */; };
		265D39351B9319A700210C67 /* WebKit.framework in Frameworks */ = {isa = PBXBuildFile; fileRef = 265D39341B9319A700210C67 /* WebKit.framework */; };
/* End PBXBuildFile section */

/* Begin PBXFileReference section */
		265D391F1B93197200210C67 /* PrintPDFWebView.app */ = {isa = PBXFileReference; explicitFileType = wrapper.application; includeInIndex = 0; path = PrintPDFWebView.app; sourceTree = BUILT_PRODUCTS_DIR; };
		265D39221B93197200210C67 /* AppDelegate.swift */ = {isa = PBXFileReference; lastKnownFileType = sourcecode.swift; path = AppDelegate.swift; sourceTree = "<group>"; };
		265D39241B93197200210C67 /* ViewController.swift */ = {isa = PBXFileReference; lastKnownFileType = sourcecode.swift; path = ViewController.swift; sourceTree = "<group>"; };
		265D39271B93197200210C67 /* Base */ = {isa = PBXFileReference; lastKnownFileType = file.storyboard; name = Base; path = Base.lproj/Main.storyboard; sourceTree = "<group>"; };
		265D39291B93197200210C67 /* Assets.xcassets */ = {isa = PBXFileReference; lastKnownFileType = folder.assetcatalog; path = Assets.xcassets; sourceTree = "<group>"; };
		265D392C1B93197200210C67 /* Base */ = {isa = PBXFileReference; lastKnownFileType = file.storyboard; name = Base; path = Base.lproj/LaunchScreen.storyboard; sourceTree = "<group>"; };
		265D392E1B93197200210C67 /* Info.plist */ = {isa = PBXFileReference; lastKnownFileType = text.plist.xml; path = Info.plist; sourceTree = "<group>"; };
		265D39341B9319A700210C67 /* WebKit.framework */ = {isa = PBXFileReference; lastKnownFileType = wrapper.framework; name = WebKit.framework; path = System/Library/Frameworks/WebKit.framework; sourceTree = SDKROOT; };
/* End PBXFileReference section */

/* Begin PBXFrameworksBuildPhase section */
		265D391C1B93197200210C67 /* Frameworks */ = {
			isa = PBXFrameworksBuildPhase;
			buildActionMask = 2147483647;
			files = (
				265D39351B9319A700210C67 /* WebKit.framework in Frameworks */,
			);
			runOnlyForDeploymentPostprocessing = 0;
		};
/* End PBXFrameworksBuildPhase section */

/* Begin PBXGroup section */
		265D39161B93197200210C67 = {
			isa = PBXGroup;
			children = (
				265D39211B93197200210C67 /* PrintPDFWebView */,
				265D39361B9319AE00210C67 /* Frameworks */,
				265D39201B93197200210C67 /* Products */,
			);
			sourceTree = "<group>";
		};
		265D39201B93197200210C67 /* Products */ = {
			isa = PBXGroup;
			children = (
				265D391F1B93197200210C67 /* PrintPDFWebView.app */,
			);
			name = Products;
			sourceTree = "<group>";
		};
		265D39211B93197200210C67 /* PrintPDFWebView */ = {
			isa = PBXGroup;
			children = (
				265D39221B93197200210C67 /* AppDelegate.swift */,
				265D39241B93197200210C67 /* ViewController.swift */,
				265D39261B93197200210C67 /* Main.storyboard */,
				265D39291B93197200210C67 /* Assets.xcassets */,
				265D392B1B93197200210C67 /* LaunchScreen.storyboard */,
				265D392E1B93197200210C67 /* Info.plist */,
			);
			path = PrintPDFWebView;
			sourceTree = "<group>";
		};
		265D39361B9319AE00210C67 /* Frameworks */ = {
			isa = PBXGroup;
			children = (
				265D39341B9319A700210C67 /* WebKit.framework */,
			);
			name = Frameworks;
			sourceTree = "<group>";
		};
/* End PBXGroup section */

/* Begin PBXNativeTarget section */
		265D391E1B93197200210C67 /* PrintPDFWebView */ = {
			isa = PBXNativeTarget;
			buildConfigurationList = 265D39311B93197200210C67 /* Build configuration list for PBXNativeTarget "PrintPDFWebView" */;
			buildPhases = (
				265D391B1B93197200210C67 /* Sources */,
				265D391C1B93197200210C67 /* Frameworks */,
				265D391D1B93197200210C67 /* Resources */,
			);
			buildRules = (
			);
			dependencies = (
			);
			name = PrintPDFWebView;
			productName = PrintPDFWebView;
			productReference = 265D391F1B93197200210C67 /* PrintPDFWebView.app */;
			productType = "com.apple.product-type.application";
		};
/* End PBXNativeTarget section */

/* Begin PBXProject section */
		265D39171B93197200210C67 /* Project object */ = {
			isa = PBXProject;
			attributes = {
				LastUpgradeCheck = 0700;
				ORGANIZATIONNAME = finchapps.is;
				TargetAttributes = {
					265D391E1B93197200210C67 = {
						CreatedOnToolsVersion = 7.0;
					};
				};
			};
			buildConfigurationList = 265D391A1B93197200210C67 /* Build configuration list for PBXProject "PrintPDFWebView" */;
			compatibilityVersion = "Xcode 3.2";
			developmentRegion = English;
			hasScannedForEncodings = 0;
			knownRegions = (
				en,
				Base,
			);
			mainGroup = 265D39161B93197200210C67;
			productRefGroup = 265D39201B93197200210C67 /* Products */;
			projectDirPath = "";
			projectRoot = "";
			targets = (
				265D391E1B93197200210C67 /* PrintPDFWebView */,
			);
		};
/* End PBXProject section */

/* Begin PBXResourcesBuildPhase section */
		265D391D1B93197200210C67 /* Resources */ = {
			isa = PBXResourcesBuildPhase;
			buildActionMask = 2147483647;
			files = (
				265D392D1B93197200210C67 /* LaunchScreen.storyboard in Resources */,
				265D392A1B93197200210C67 /* Assets.xcassets in Resources */,
				265D39281B93197200210C67 /* Main.storyboard in Resources */,
			);
			runOnlyForDeploymentPostprocessing = 0;
		};
/* End PBXResourcesBuildPhase section */

/* Begin PBXSourcesBuildPhase section */
		265D391B1B93197200210C67 /* Sources */ = {
			isa = PBXSourcesBuildPhase;
			buildActionMask = 2147483647;
			files = (
				265D39251B93197200210C67 /* ViewController.swift in Sources */,
				265D39231B93197200210C67 /* AppDelegate.swift in Sources */,
			);
			runOnlyForDeploymentPostprocessing = 0;
		};
/* End PBXSourcesBuildPhase section */

/* Begin PBXVariantGroup section */
		265D39261B93197200210C67 /* Main.storyboard */ = {
			isa = PBXVariantGroup;
			children = (
				265D39271B93197200210C67 /* Base */,
			);
			name = Main.storyboard;
			sourceTree = "<group>";
		};
		265D392B1B93197200210C67 /* LaunchScreen.storyboard */ = {
			isa = PBXVariantGroup;
			children = (
				265D392C1B93197200210C67 /* Base */,
			);
			name = LaunchScreen.storyboard;
			sourceTree = "<group>";
		};
/* End PBXVariantGroup section */

/* Begin XCBuildConfiguration section */
		265D392F1B93197200210C67 /* Debug */ = {
			isa = XCBuildConfiguration;
			buildSettings = {
				ALWAYS_SEARCH_USER_PATHS = NO;
				CLANG_CXX_LANGUAGE_STANDARD = "gnu++0x";
				CLANG_CXX_LIBRARY = "libc++";
				CLANG_ENABLE_MODULES = YES;
				CLANG_ENABLE_OBJC_ARC = YES;
				CLANG_WARN_BOOL_CONVERSION = YES;
				CLANG_WARN_CONSTANT_CONVERSION = YES;
				CLANG_WARN_DIRECT_OBJC_ISA_USAGE = YES_ERROR;
				CLANG_WARN_EMPTY_BODY = YES;
				CLANG_WARN_ENUM_CONVERSION = YES;
				CLANG_WARN_INT_CONVERSION = YES;
				CLANG_WARN_OBJC_ROOT_CLASS = YES_ERROR;
				CLANG_WARN_UNREACHABLE_CODE = YES;
				CLANG_WARN__DUPLICATE_METHOD_MATCH = YES;
				"CODE_SIGN_IDENTITY[sdk=iphoneos*]" = "iPhone Developer";
				COPY_PHASE_STRIP = NO;
				DEBUG_INFORMATION_FORMAT = dwarf;
				ENABLE_STRICT_OBJC_MSGSEND = YES;
				ENABLE_TESTABILITY = YES;
				GCC_C_LANGUAGE_STANDARD = gnu99;
				GCC_DYNAMIC_NO_PIC = NO;
				GCC_NO_COMMON_BLOCKS = YES;
				GCC_OPTIMIZATION_LEVEL = 0;
				GCC_PREPROCESSOR_DEFINITIONS = (
					"DEBUG=1",
					"$(inherited)",
				);
				GCC_WARN_64_TO_32_BIT_CONVERSION = YES;
				GCC_WARN_ABOUT_RETURN_TYPE = YES_ERROR;
				GCC_WARN_UNDECLARED_SELECTOR = YES;
				GCC_WARN_UNINITIALIZED_AUTOS = YES_AGGRESSIVE;
				GCC_WARN_UNUSED_FUNCTION = YES;
				GCC_WARN_UNUSED_VARIABLE = YES;
				IPHONEOS_DEPLOYMENT_TARGET = 9.0;
				MTL_ENABLE_DEBUG_INFO = YES;
				ONLY_ACTIVE_ARCH = YES;
				SDKROOT = iphoneos;
				SWIFT_OPTIMIZATION_LEVEL = "-Onone";
				TARGETED_DEVICE_FAMILY = "1,2";
			};
			name = Debug;
		};
		265D39301B93197200210C67 /* Release */ = {
			isa = XCBuildConfiguration;
			buildSettings = {
				ALWAYS_SEARCH_USER_PATHS = NO;
				CLANG_CXX_LANGUAGE_STANDARD = "gnu++0x";
				CLANG_CXX_LIBRARY = "libc++";
				CLANG_ENABLE_MODULES = YES;
				CLANG_ENABLE_OBJC_ARC = YES;
				CLANG_WARN_BOOL_CONVERSION = YES;
				CLANG_WARN_CONSTANT_CONVERSION = YES;
				CLANG_WARN_DIRECT_OBJC_ISA_USAGE = YES_ERROR;
				CLANG_WARN_EMPTY_BODY = YES;
				CLANG_WARN_ENUM_CONVERSION = YES;
				CLANG_WARN_INT_CONVERSION = YES;
				CLANG_WARN_OBJC_ROOT_CLASS = YES_ERROR;
				CLANG_WARN_UNREACHABLE_CODE = YES;
				CLANG_WARN__DUPLICATE_METHOD_MATCH = YES;
				"CODE_SIGN_IDENTITY[sdk=iphoneos*]" = "iPhone Developer";
				COPY_PHASE_STRIP = NO;
				DEBUG_INFORMATION_FORMAT = "dwarf-with-dsym";
				ENABLE_NS_ASSERTIONS = NO;
				ENABLE_STRICT_OBJC_MSGSEND = YES;
				GCC_C_LANGUAGE_STANDARD = gnu99;
				GCC_NO_COMMON_BLOCKS = YES;
				GCC_WARN_64_TO_32_BIT_CONVERSION = YES;
				GCC_WARN_ABOUT_RETURN_TYPE = YES_ERROR;
				GCC_WARN_UNDECLARED_SELECTOR = YES;
				GCC_WARN_UNINITIALIZED_AUTOS = YES_AGGRESSIVE;
				GCC_WARN_UNUSED_FUNCTION = YES;
				GCC_WARN_UNUSED_VARIABLE = YES;
				IPHONEOS_DEPLOYMENT_TARGET = 9.0;
				MTL_ENABLE_DEBUG_INFO = NO;
				SDKROOT = iphoneos;
				TARGETED_DEVICE_FAMILY = "1,2";
				VALIDATE_PRODUCT = YES;
			};
			name = Release;
		};
		265D39321B93197200210C67 /* Debug */ = {
			isa = XCBuildConfiguration;
			buildSettings = {
				ASSETCATALOG_COMPILER_APPICON_NAME = AppIcon;
				INFOPLIST_FILE = PrintPDFWebView/Info.plist;
				LD_RUNPATH_SEARCH_PATHS = "$(inherited) @executable_path/Frameworks";
				PRODUCT_BUNDLE_IDENTIFIER = is.finchapps.PrintPDFWebView;
				PRODUCT_NAME = "$(TARGET_NAME)";
			};
			name = Debug;
		};
		265D39331B93197200210C67 /* Release */ = {
			isa = XCBuildConfiguration;
			buildSettings = {
				ASSETCATALOG_COMPILER_APPICON_NAME = AppIcon;
				INFOPLIST_FILE = PrintPDFWebView/Info.plist;
				LD_RUNPATH_SEARCH_PATHS = "$(inherited) @executable_path/Frameworks";
				PRODUCT_BUNDLE_IDENTIFIER = is.finchapps.PrintPDFWebView;
				PRODUCT_NAME = "$(TARGET_NAME)";
			};
			name = Release;
		};
/* End XCBuildConfiguration section */

/* Begin XCConfigurationList section */
		265D391A1B93197200210C67 /* Build configuration list for PBXProject "PrintPDFWebView" */ = {
			isa = XCConfigurationList;
			buildConfigurations = (
				265D392F1B93197200210C67 /* Debug */,
				265D39301B93197200210C67 /* Release */,
			);
			defaultConfigurationIsVisible = 0;
			defaultConfigurationName = Release;
		};
		265D39311B93197200210C67 /* Build configuration list for PBXNativeTarget "PrintPDFWebView" */ = {
			isa = XCConfigurationList;
			buildConfigurations = (
				265D39321B93197200210C67 /* Debug */,
				265D39331B93197200210C67 /* Release */,
			);
			defaultConfigurationIsVisible = 0;
		};
/* End XCConfigurationList section */
	};
	rootObject = 265D39171B93197200210C67 /* Project object */;
}
